
Microsoft Visual Studio Solution File, Format Version 12.00
# Visual Studio Version 16
VisualStudioVersion = 16.0.31205.134
MinimumVisualStudioVersion = 10.0.40219.1
Project("{FAE04EC0-301F-11D3-BF4B-00C04F79EFBC}") = "FinalProject_CSharp", "FinalProject_CSharp\FinalProject_CSharp.csproj", "{30AABFB5-9EA2-4F07-9175-E444541A87DD}"
EndProject
Global
	GlobalSection(SolutionConfigurationPlatforms) = preSolution
		Debug|Any CPU = Debug|Any CPU
		Release|Any CPU = Release|Any CPU
	EndGlobalSection
	GlobalSection(ProjectConfigurationPlatforms) = postSolution
		{30AABFB5-9EA2-4F07-9175-E444541A87DD}.Debug|Any CPU.ActiveCfg = Debug|Any CPU
		{30AABFB5-9EA2-4F07-9175-E444541A87DD}.Debug|Any CPU.Build.0 = Debug|Any CPU
		{30AABFB5-9EA2-4F07-9175-E444541A87DD}.Release|Any CPU.ActiveCfg = Release|Any CPU
		{30AABFB5-9EA2-4F07-9175-E444541A87DD}.Release|Any CPU.Build.0 = Release|Any CPU
	EndGlobalSection
	GlobalSection(SolutionProperties) = preSolution
		HideSolutionNode = FALSE
	EndGlobalSection
	GlobalSection(ExtensibilityGlobals) = postSolution
		SolutionGuid = {8E276514-61D7-4ED3-B389-41630F2EBDC9}
	EndGlobalSection
EndGlobal
